<?xml version="1.0" encoding="UTF-8"?>
<CONFIG>
  <ProjectOptions>
    <Version Value="10"/>
    <PathDelim Value="\"/>
    <General>
      <MainUnit Value="0"/>
      <Title Value="Recode"/>
      <Scaled Value="True"/>
      <ResourceType Value="res"/>
      <UseXPManifest Value="True"/>
      <Icon Value="0"/>
    </General>
    <i18n>
      <EnableI18N LFM="False"/>
    </i18n>
    <BuildModes Count="1" Active="Default">
      <Item1 Name="Default" Default="True"/>
    </BuildModes>
    <PublishOptions>
      <Version Value="2"/>
      <IncludeFileFilter Value="*.(pas|pp|inc|lfm|lpr|lrs|lpi|lpk|sh|xml)"/>
      <ExcludeFileFilter Value="*.(bak|ppu|o|so);*~;backup"/>
    </PublishOptions>
    <RunParams>
      <local>
        <FormatVersion Value="1"/>
      </local>
    </RunParams>
    <RequiredPackages Count="2">
      <Item1>
        <PackageName Value="SQLDBLaz"/>
        <MinVersion Major="1" Release="1" Valid="True"/>
      </Item1>
      <Item2>
        <PackageName Value="LCL"/>
      </Item2>
    </RequiredPackages>
    <Units Count="12">
      <Unit0>
        <Filename Value="recode.lpr"/>
        <IsPartOfProject Value="True"/>
        <CursorPos Y="21"/>
        <UsageCount Value="58"/>
        <Loaded Value="True"/>
      </Unit0>
      <Unit1>
        <Filename Value="unit1.pas"/>
        <IsPartOfProject Value="True"/>
        <ComponentName Value="Form1"/>
        <HasResources Value="True"/>
        <ResourceBaseClass Value="Form"/>
        <UnitName Value="Unit1"/>
        <IsVisibleTab Value="True"/>
        <EditorIndex Value="1"/>
        <TopLine Value="213"/>
        <CursorPos X="39" Y="233"/>
        <UsageCount Value="58"/>
        <Loaded Value="True"/>
        <LoadedDesigner Value="True"/>
      </Unit1>
      <Unit2>
        <Filename Value="C:\lazarus\lcl\masks.pas"/>
        <TopLine Value="9"/>
        <CursorPos X="22" Y="29"/>
        <UsageCount Value="7"/>
      </Unit2>
      <Unit3>
        <Filename Value="uprocess.pas"/>
        <CursorPos X="12" Y="5"/>
        <UsageCount Value="50"/>
      </Unit3>
      <Unit4>
        <Filename Value="C:\Desktop\unit1.pas"/>
        <TopLine Value="9"/>
        <CursorPos X="27" Y="32"/>
        <UsageCount Value="7"/>
      </Unit4>
      <Unit5>
        <Filename Value="C:\lazarus\components\sqldb\registersqldb.pas"/>
        <TopLine Value="83"/>
        <CursorPos X="43" Y="93"/>
        <UsageCount Value="8"/>
      </Unit5>
      <Unit6>
        <Filename Value="C:\lazarus\components\sqlite\registersqlite3.pas"/>
        <EditorIndex Value="-1"/>
        <UsageCount Value="12"/>
      </Unit6>
      <Unit7>
        <Filename Value="unit1.lfm"/>
        <EditorIndex Value="-1"/>
        <CursorPos X="64" Y="13"/>
        <UsageCount Value="10"/>
        <DefaultSyntaxHighlighter Value="LFM"/>
      </Unit7>
      <Unit8>
        <Filename Value="vendor\curlpas-2005-11-05\src\ocurluse.inc"/>
        <EditorIndex Value="-1"/>
        <TopLine Value="15"/>
        <CursorPos X="31" Y="34"/>
        <UsageCount Value="10"/>
      </Unit8>
      <Unit9>
        <Filename Value="C:\lazarus\components\lazutils\utf8process.pp"/>
        <UnitName Value="UTF8Process"/>
        <EditorIndex Value="-1"/>
        <TopLine Value="629"/>
        <CursorPos Y="642"/>
        <UsageCount Value="10"/>
      </Unit9>
      <Unit10>
        <Filename Value="C:\lazarus\fpc\3.0.4\source\packages\ptc\examples\buffer.pp"/>
        <UnitName Value="BufferExample"/>
        <EditorIndex Value="-1"/>
        <UsageCount Value="10"/>
      </Unit10>
      <Unit11>
        <Filename Value="C:\lazarus\fpc\3.0.4\source\rtl\inc\strings.pp"/>
        <EditorIndex Value="-1"/>
        <UsageCount Value="10"/>
      </Unit11>
    </Units>
    <JumpHistory Count="30" HistoryIndex="29">
      <Position1>
        <Filename Value="unit1.pas"/>
        <Caret Line="207" Column="31" TopLine="185"/>
      </Position1>
      <Position2>
        <Filename Value="unit1.pas"/>
        <Caret Line="208" Column="31" TopLine="186"/>
      </Position2>
      <Position3>
        <Filename Value="unit1.pas"/>
        <Caret Line="207" Column="31" TopLine="185"/>
      </Position3>
      <Position4>
        <Filename Value="unit1.pas"/>
        <Caret Line="208" Column="31" TopLine="186"/>
      </Position4>
      <Position5>
        <Filename Value="unit1.pas"/>
        <Caret Line="207" Column="31" TopLine="185"/>
      </Position5>
      <Position6>
        <Filename Value="unit1.pas"/>
        <Caret Line="206" Column="31" TopLine="184"/>
      </Position6>
      <Position7>
        <Filename Value="unit1.pas"/>
        <Caret Line="205" Column="31" TopLine="183"/>
      </Position7>
      <Position8>
        <Filename Value="unit1.pas"/>
        <Caret Line="208" Column="31" TopLine="186"/>
      </Position8>
      <Position9>
        <Filename Value="unit1.pas"/>
        <Caret Line="207" Column="31" TopLine="185"/>
      </Position9>
      <Position10>
        <Filename Value="unit1.pas"/>
        <Caret Line="206" Column="31" TopLine="184"/>
      </Position10>
      <Position11>
        <Filename Value="unit1.pas"/>
        <Caret Line="205" Column="31" TopLine="183"/>
      </Position11>
      <Position12>
        <Filename Value="unit1.pas"/>
        <Caret Line="204" Column="31" TopLine="182"/>
      </Position12>
      <Position13>
        <Filename Value="unit1.pas"/>
        <Caret Line="203" Column="31" TopLine="181"/>
      </Position13>
      <Position14>
        <Filename Value="unit1.pas"/>
        <Caret Line="208" Column="31" TopLine="186"/>
      </Position14>
      <Position15>
        <Filename Value="unit1.pas"/>
        <Caret Line="378" Column="56" TopLine="359"/>
      </Position15>
      <Position16>
        <Filename Value="unit1.pas"/>
        <Caret Line="316" Column="3" TopLine="296"/>
      </Position16>
      <Position17>
        <Filename Value="unit1.pas"/>
        <Caret Line="386" Column="3" TopLine="376"/>
      </Position17>
      <Position18>
        <Filename Value="unit1.pas"/>
        <Caret Line="332" TopLine="311"/>
      </Position18>
      <Position19>
        <Filename Value="unit1.pas"/>
        <Caret Line="328" Column="15" TopLine="314"/>
      </Position19>
      <Position20>
        <Filename Value="unit1.pas"/>
        <Caret Line="331" Column="66" TopLine="318"/>
      </Position20>
      <Position21>
        <Filename Value="unit1.pas"/>
        <Caret Line="395" Column="27" TopLine="381"/>
      </Position21>
      <Position22>
        <Filename Value="unit1.pas"/>
        <Caret Line="328" Column="28" TopLine="314"/>
      </Position22>
      <Position23>
        <Filename Value="unit1.pas"/>
        <Caret Line="384" Column="25" TopLine="363"/>
      </Position23>
      <Position24>
        <Filename Value="unit1.pas"/>
        <Caret Line="62" Column="47" TopLine="45"/>
      </Position24>
      <Position25>
        <Filename Value="unit1.pas"/>
        <Caret Line="63" Column="49" TopLine="45"/>
      </Position25>
      <Position26>
        <Filename Value="unit1.pas"/>
        <Caret Line="323" Column="36" TopLine="301"/>
      </Position26>
      <Position27>
        <Filename Value="unit1.pas"/>
        <Caret Line="194" Column="32" TopLine="186"/>
      </Position27>
      <Position28>
        <Filename Value="unit1.pas"/>
        <Caret Line="197" Column="32" TopLine="189"/>
      </Position28>
      <Position29>
        <Filename Value="unit1.pas"/>
        <Caret Line="302" Column="33" TopLine="277"/>
      </Position29>
      <Position30>
        <Filename Value="unit1.pas"/>
        <Caret Line="404" Column="43" TopLine="383"/>
      </Position30>
    </JumpHistory>
  </ProjectOptions>
  <CompilerOptions>
    <Version Value="11"/>
    <PathDelim Value="\"/>
    <Target>
      <Filename Value="out\recode"/>
    </Target>
    <SearchPaths>
      <IncludeFiles Value="$(ProjOutDir)"/>
      <UnitOutputDirectory Value="lib\$(TargetCPU)-$(TargetOS)"/>
    </SearchPaths>
    <CodeGeneration>
      <Checks>
        <IOChecks Value="True"/>
        <RangeChecks Value="True"/>
        <OverflowChecks Value="True"/>
      </Checks>
      <Optimizations>
        <OptimizationLevel Value="3"/>
      </Optimizations>
      <SmallerCode Value="True"/>
    </CodeGeneration>
    <Linking>
      <Debugging>
        <GenerateDebugInfo Value="False"/>
      </Debugging>
      <Options>
        <Win32>
          <GraphicApplication Value="True"/>
        </Win32>
      </Options>
    </Linking>
  </CompilerOptions>
  <Debugging>
    <Exceptions Count="3">
      <Item1>
        <Name Value="EAbort"/>
      </Item1>
      <Item2>
        <Name Value="ECodetoolError"/>
      </Item2>
      <Item3>
        <Name Value="EFOpenError"/>
      </Item3>
    </Exceptions>
  </Debugging>
</CONFIG>
