<?xml version="1.0" encoding="UTF-8"?>
<CONFIG>
  <ProjectOptions>
    <Version Value="9"/>
    <PathDelim Value="\"/>
    <General>
      <MainUnit Value="0"/>
      <Title Value="Recode"/>
      <ResourceType Value="res"/>
      <UseXPManifest Value="True"/>
      <Icon Value="0"/>
    </General>
    <i18n>
      <EnableI18N LFM="False"/>
    </i18n>
    <VersionInfo>
      <StringTable ProductVersion=""/>
    </VersionInfo>
    <BuildModes Count="1" Active="Default">
      <Item1 Name="Default" Default="True"/>
    </BuildModes>
    <PublishOptions>
      <Version Value="2"/>
      <IncludeFileFilter Value="*.(pas|pp|inc|lfm|lpr|lrs|lpi|lpk|sh|xml)"/>
      <ExcludeFileFilter Value="*.(bak|ppu|o|so);*~;backup"/>
    </PublishOptions>
    <RunParams>
      <local>
        <FormatVersion Value="1"/>
      </local>
    </RunParams>
    <RequiredPackages Count="2">
      <Item1>
        <PackageName Value="SQLDBLaz"/>
        <MinVersion Major="1" Release="1" Valid="True"/>
      </Item1>
      <Item2>
        <PackageName Value="LCL"/>
      </Item2>
    </RequiredPackages>
    <Units Count="7">
      <Unit0>
        <Filename Value="recode.lpr"/>
        <IsPartOfProject Value="True"/>
        <EditorIndex Value="1"/>
        <CursorPos X="49" Y="14"/>
        <UsageCount Value="52"/>
        <Loaded Value="True"/>
      </Unit0>
      <Unit1>
        <Filename Value="unit1.pas"/>
        <IsPartOfProject Value="True"/>
        <ComponentName Value="Form1"/>
        <HasResources Value="True"/>
        <ResourceBaseClass Value="Form"/>
        <UnitName Value="Unit1"/>
        <EditorIndex Value="-1"/>
        <TopLine Value="75"/>
        <CursorPos X="33" Y="97"/>
        <UsageCount Value="52"/>
      </Unit1>
      <Unit2>
        <Filename Value="C:\lazarus\lcl\masks.pas"/>
        <TopLine Value="9"/>
        <CursorPos X="22" Y="29"/>
        <UsageCount Value="7"/>
      </Unit2>
      <Unit3>
        <Filename Value="uprocess.pas"/>
        <IsPartOfProject Value="True"/>
        <CursorPos X="12" Y="5"/>
        <UsageCount Value="49"/>
      </Unit3>
      <Unit4>
        <Filename Value="..\..\..\Desktop\unit1.pas"/>
        <TopLine Value="9"/>
        <CursorPos X="27" Y="32"/>
        <UsageCount Value="7"/>
      </Unit4>
      <Unit5>
        <Filename Value="C:\lazarus\components\sqldb\registersqldb.pas"/>
        <TopLine Value="83"/>
        <CursorPos X="43" Y="93"/>
        <UsageCount Value="8"/>
      </Unit5>
      <Unit6>
        <Filename Value="C:\lazarus\components\sqlite\registersqlite3.pas"/>
        <UnitName Value="registersqlite3"/>
        <IsVisibleTab Value="True"/>
        <UsageCount Value="12"/>
        <Loaded Value="True"/>
      </Unit6>
    </Units>
    <JumpHistory Count="3" HistoryIndex="2">
      <Position1>
        <Filename Value="recode.lpr"/>
        <Caret Line="18" Column="41"/>
      </Position1>
      <Position2>
        <Filename Value="C:\lazarus\components\sqlite\registersqlite3.pas"/>
      </Position2>
      <Position3>
        <Filename Value="recode.lpr"/>
        <Caret Line="20"/>
      </Position3>
    </JumpHistory>
  </ProjectOptions>
  <CompilerOptions>
    <Version Value="11"/>
    <PathDelim Value="\"/>
    <Target>
      <Filename Value="out\recode"/>
    </Target>
    <SearchPaths>
      <IncludeFiles Value="$(ProjOutDir)"/>
      <UnitOutputDirectory Value="lib\$(TargetCPU)-$(TargetOS)"/>
    </SearchPaths>
    <CodeGeneration>
      <Checks>
        <IOChecks Value="True"/>
        <RangeChecks Value="True"/>
        <OverflowChecks Value="True"/>
      </Checks>
      <Optimizations>
        <OptimizationLevel Value="2"/>
      </Optimizations>
    </CodeGeneration>
    <Linking>
      <Debugging>
        <GenerateDebugInfo Value="False"/>
      </Debugging>
      <Options>
        <Win32>
          <GraphicApplication Value="True"/>
        </Win32>
      </Options>
    </Linking>
  </CompilerOptions>
  <Debugging>
    <Exceptions Count="3">
      <Item1>
        <Name Value="EAbort"/>
      </Item1>
      <Item2>
        <Name Value="ECodetoolError"/>
      </Item2>
      <Item3>
        <Name Value="EFOpenError"/>
      </Item3>
    </Exceptions>
  </Debugging>
</CONFIG>
